// !$*UTF8*$!
{
	archiveVersion = 1;
	classes = {
	};
	objectVersion = 56;
	objects = {

/* Begin PBXBuildFile section */
		835E2D6E2BD5D6D500064605 /* DepartureAndArrivalDetails.swift in Sources */ = {isa = PBXBuildFile; fileRef = 835E2D6D2BD5D6D500064605 /* DepartureAndArrivalDetails.swift */; };
		835E2D712BD7093200064605 /* UIModel.swift in Sources */ = {isa = PBXBuildFile; fileRef = 835E2D702BD7093200064605 /* UIModel.swift */; };
		835E2D732BD709C600064605 /* FlightDetails.swift in Sources */ = {isa = PBXBuildFile; fileRef = 835E2D722BD709C600064605 /* FlightDetails.swift */; };
		835E2D762BD70A1500064605 /* StrokedCapsuleButtonStyle.swift in Sources */ = {isa = PBXBuildFile; fileRef = 835E2D752BD70A1500064605 /* StrokedCapsuleButtonStyle.swift */; };
		835E2D782BD70A3F00064605 /* HorizontalActions.swift in Sources */ = {isa = PBXBuildFile; fileRef = 835E2D772BD70A3F00064605 /* HorizontalActions.swift */; };
		835E2D7A2BD70A6500064605 /* GateDepartureBanner.swift in Sources */ = {isa = PBXBuildFile; fileRef = 835E2D792BD70A6500064605 /* GateDepartureBanner.swift */; };
		835E2D7C2BD7525A00064605 /* BookingAndSeatDetails.swift in Sources */ = {isa = PBXBuildFile; fileRef = 835E2D7B2BD7525A00064605 /* BookingAndSeatDetails.swift */; };
		835E2D7E2BD759B800064605 /* GoodToKnowSection.swift in Sources */ = {isa = PBXBuildFile; fileRef = 835E2D7D2BD759B800064605 /* GoodToKnowSection.swift */; };
		83D0D38A2BC969C500D0D6AB /* flightyApp.swift in Sources */ = {isa = PBXBuildFile; fileRef = 83D0D3892BC969C500D0D6AB /* flightyApp.swift */; };
		83D0D38C2BC969C500D0D6AB /* ContentView.swift in Sources */ = {isa = PBXBuildFile; fileRef = 83D0D38B2BC969C500D0D6AB /* ContentView.swift */; };
		83D0D38E2BC969C600D0D6AB /* Assets.xcassets in Resources */ = {isa = PBXBuildFile; fileRef = 83D0D38D2BC969C600D0D6AB /* Assets.xcassets */; };
		83D0D3912BC969C600D0D6AB /* Preview Assets.xcassets in Resources */ = {isa = PBXBuildFile; fileRef = 83D0D3902BC969C600D0D6AB /* Preview Assets.xcassets */; };
/* End PBXBuildFile section */

/* Begin PBXFileReference section */
		835E2D6D2BD5D6D500064605 /* DepartureAndArrivalDetails.swift */ = {isa = PBXFileReference; lastKnownFileType = sourcecode.swift; path = DepartureAndArrivalDetails.swift; sourceTree = "<group>"; };
		835E2D702BD7093200064605 /* UIModel.swift */ = {isa = PBXFileReference; lastKnownFileType = sourcecode.swift; path = UIModel.swift; sourceTree = "<group>"; };
		835E2D722BD709C600064605 /* FlightDetails.swift */ = {isa = PBXFileReference; lastKnownFileType = sourcecode.swift; path = FlightDetails.swift; sourceTree = "<group>"; };
		835E2D752BD70A1500064605 /* StrokedCapsuleButtonStyle.swift */ = {isa = PBXFileReference; lastKnownFileType = sourcecode.swift; path = StrokedCapsuleButtonStyle.swift; sourceTree = "<group>"; };
		835E2D772BD70A3F00064605 /* HorizontalActions.swift */ = {isa = PBXFileReference; lastKnownFileType = sourcecode.swift; path = HorizontalActions.swift; sourceTree = "<group>"; };
		835E2D792BD70A6500064605 /* GateDepartureBanner.swift */ = {isa = PBXFileReference; lastKnownFileType = sourcecode.swift; path = GateDepartureBanner.swift; sourceTree = "<group>"; };
		835E2D7B2BD7525A00064605 /* BookingAndSeatDetails.swift */ = {isa = PBXFileReference; lastKnownFileType = sourcecode.swift; path = BookingAndSeatDetails.swift; sourceTree = "<group>"; };
		835E2D7D2BD759B800064605 /* GoodToKnowSection.swift */ = {isa = PBXFileReference; lastKnownFileType = sourcecode.swift; path = GoodToKnowSection.swift; sourceTree = "<group>"; };
		83D0D3862BC969C500D0D6AB /* flighty.app */ = {isa = PBXFileReference; explicitFileType = wrapper.application; includeInIndex = 0; path = flighty.app; sourceTree = BUILT_PRODUCTS_DIR; };
		83D0D3892BC969C500D0D6AB /* flightyApp.swift */ = {isa = PBXFileReference; lastKnownFileType = sourcecode.swift; path = flightyApp.swift; sourceTree = "<group>"; };
		83D0D38B2BC969C500D0D6AB /* ContentView.swift */ = {isa = PBXFileReference; lastKnownFileType = sourcecode.swift; path = ContentView.swift; sourceTree = "<group>"; };
		83D0D38D2BC969C600D0D6AB /* Assets.xcassets */ = {isa = PBXFileReference; lastKnownFileType = folder.assetcatalog; path = Assets.xcassets; sourceTree = "<group>"; };
		83D0D3902BC969C600D0D6AB /* Preview Assets.xcassets */ = {isa = PBXFileReference; lastKnownFileType = folder.assetcatalog; path = "Preview Assets.xcassets"; sourceTree = "<group>"; };
/* End PBXFileReference section */

/* Begin PBXFrameworksBuildPhase section */
		83D0D3832BC969C500D0D6AB /* Frameworks */ = {
			isa = PBXFrameworksBuildPhase;
			buildActionMask = 2147483647;
			files = (
			);
			runOnlyForDeploymentPostprocessing = 0;
		};
/* End PBXFrameworksBuildPhase section */

/* Begin PBXGroup section */
		835E2D6C2BD5D6C100064605 /* Views */ = {
			isa = PBXGroup;
			children = (
				835E2D6D2BD5D6D500064605 /* DepartureAndArrivalDetails.swift */,
				835E2D722BD709C600064605 /* FlightDetails.swift */,
				835E2D772BD70A3F00064605 /* HorizontalActions.swift */,
				835E2D792BD70A6500064605 /* GateDepartureBanner.swift */,
				835E2D7B2BD7525A00064605 /* BookingAndSeatDetails.swift */,
				835E2D7D2BD759B800064605 /* GoodToKnowSection.swift */,
			);
			path = Views;
			sourceTree = "<group>";
		};
		835E2D6F2BD7092000064605 /* Models */ = {
			isa = PBXGroup;
			children = (
				835E2D702BD7093200064605 /* UIModel.swift */,
			);
			path = Models;
			sourceTree = "<group>";
		};
		835E2D742BD709F300064605 /* Extensions & Utilities */ = {
			isa = PBXGroup;
			children = (
				835E2D752BD70A1500064605 /* StrokedCapsuleButtonStyle.swift */,
			);
			path = "Extensions & Utilities";
			sourceTree = "<group>";
		};
		83D0D37D2BC969C500D0D6AB = {
			isa = PBXGroup;
			children = (
				83D0D3882BC969C500D0D6AB /* flighty */,
				83D0D3872BC969C500D0D6AB /* Products */,
			);
			sourceTree = "<group>";
		};
		83D0D3872BC969C500D0D6AB /* Products */ = {
			isa = PBXGroup;
			children = (
				83D0D3862BC969C500D0D6AB /* flighty.app */,
			);
			name = Products;
			sourceTree = "<group>";
		};
		83D0D3882BC969C500D0D6AB /* flighty */ = {
			isa = PBXGroup;
			children = (
				835E2D6F2BD7092000064605 /* Models */,
				835E2D6C2BD5D6C100064605 /* Views */,
				835E2D742BD709F300064605 /* Extensions & Utilities */,
				83D0D3892BC969C500D0D6AB /* flightyApp.swift */,
				83D0D38B2BC969C500D0D6AB /* ContentView.swift */,
				83D0D38D2BC969C600D0D6AB /* Assets.xcassets */,
				83D0D38F2BC969C600D0D6AB /* Preview Content */,
			);
			path = flighty;
			sourceTree = "<group>";
		};
		83D0D38F2BC969C600D0D6AB /* Preview Content */ = {
			isa = PBXGroup;
			children = (
				83D0D3902BC969C600D0D6AB /* Preview Assets.xcassets */,
			);
			path = "Preview Content";
			sourceTree = "<group>";
		};
/* End PBXGroup section */

/* Begin PBXNativeTarget section */
		83D0D3852BC969C500D0D6AB /* flighty */ = {
			isa = PBXNativeTarget;
			buildConfigurationList = 83D0D3942BC969C600D0D6AB /* Build configuration list for PBXNativeTarget "flighty" */;
			buildPhases = (
				83D0D3822BC969C500D0D6AB /* Sources */,
				83D0D3832BC969C500D0D6AB /* Frameworks */,
				83D0D3842BC969C500D0D6AB /* Resources */,
			);
			buildRules = (
			);
			dependencies = (
			);
			name = flighty;
			productName = flighty;
			productReference = 83D0D3862BC969C500D0D6AB /* flighty.app */;
			productType = "com.apple.product-type.application";
		};
/* End PBXNativeTarget section */

/* Begin PBXProject section */
		83D0D37E2BC969C500D0D6AB /* Project object */ = {
			isa = PBXProject;
			attributes = {
				BuildIndependentTargetsInParallel = 1;
				LastSwiftUpdateCheck = 1520;
				LastUpgradeCheck = 1520;
				TargetAttributes = {
					83D0D3852BC969C500D0D6AB = {
						CreatedOnToolsVersion = 15.2;
					};
				};
			};
			buildConfigurationList = 83D0D3812BC969C500D0D6AB /* Build configuration list for PBXProject "flighty" */;
			compatibilityVersion = "Xcode 14.0";
			developmentRegion = en;
			hasScannedForEncodings = 0;
			knownRegions = (
				en,
				Base,
			);
			mainGroup = 83D0D37D2BC969C500D0D6AB;
			productRefGroup = 83D0D3872BC969C500D0D6AB /* Products */;
			projectDirPath = "";
			projectRoot = "";
			targets = (
				83D0D3852BC969C500D0D6AB /* flighty */,
			);
		};
/* End PBXProject section */

/* Begin PBXResourcesBuildPhase section */
		83D0D3842BC969C500D0D6AB /* Resources */ = {
			isa = PBXResourcesBuildPhase;
			buildActionMask = 2147483647;
			files = (
				83D0D3912BC969C600D0D6AB /* Preview Assets.xcassets in Resources */,
				83D0D38E2BC969C600D0D6AB /* Assets.xcassets in Resources */,
			);
			runOnlyForDeploymentPostprocessing = 0;
		};
/* End PBXResourcesBuildPhase section */

/* Begin PBXSourcesBuildPhase section */
		83D0D3822BC969C500D0D6AB /* Sources */ = {
			isa = PBXSourcesBuildPhase;
			buildActionMask = 2147483647;
			files = (
				835E2D732BD709C600064605 /* FlightDetails.swift in Sources */,
				83D0D38C2BC969C500D0D6AB /* ContentView.swift in Sources */,
				83D0D38A2BC969C500D0D6AB /* flightyApp.swift in Sources */,
				835E2D6E2BD5D6D500064605 /* DepartureAndArrivalDetails.swift in Sources */,
				835E2D762BD70A1500064605 /* StrokedCapsuleButtonStyle.swift in Sources */,
				835E2D7C2BD7525A00064605 /* BookingAndSeatDetails.swift in Sources */,
				835E2D7E2BD759B800064605 /* GoodToKnowSection.swift in Sources */,
				835E2D782BD70A3F00064605 /* HorizontalActions.swift in Sources */,
				835E2D712BD7093200064605 /* UIModel.swift in Sources */,
				835E2D7A2BD70A6500064605 /* GateDepartureBanner.swift in Sources */,
			);
			runOnlyForDeploymentPostprocessing = 0;
		};
/* End PBXSourcesBuildPhase section */

/* Begin XCBuildConfiguration section */
		83D0D3922BC969C600D0D6AB /* Debug */ = {
			isa = XCBuildConfiguration;
			buildSettings = {
				ALWAYS_SEARCH_USER_PATHS = NO;
				ASSETCATALOG_COMPILER_GENERATE_SWIFT_ASSET_SYMBOL_EXTENSIONS = YES;
				CLANG_ANALYZER_NONNULL = YES;
				CLANG_ANALYZER_NUMBER_OBJECT_CONVERSION = YES_AGGRESSIVE;
				CLANG_CXX_LANGUAGE_STANDARD = "gnu++20";
				CLANG_ENABLE_MODULES = YES;
				CLANG_ENABLE_OBJC_ARC = YES;
				CLANG_ENABLE_OBJC_WEAK = YES;
				CLANG_WARN_BLOCK_CAPTURE_AUTORELEASING = YES;
				CLANG_WARN_BOOL_CONVERSION = YES;
				CLANG_WARN_COMMA = YES;
				CLANG_WARN_CONSTANT_CONVERSION = YES;
				CLANG_WARN_DEPRECATED_OBJC_IMPLEMENTATIONS = YES;
				CLANG_WARN_DIRECT_OBJC_ISA_USAGE = YES_ERROR;
				CLANG_WARN_DOCUMENTATION_COMMENTS = YES;
				CLANG_WARN_EMPTY_BODY = YES;
				CLANG_WARN_ENUM_CONVERSION = YES;
				CLANG_WARN_INFINITE_RECURSION = YES;
				CLANG_WARN_INT_CONVERSION = YES;
				CLANG_WARN_NON_LITERAL_NULL_CONVERSION = YES;
				CLANG_WARN_OBJC_IMPLICIT_RETAIN_SELF = YES;
				CLANG_WARN_OBJC_LITERAL_CONVERSION = YES;
				CLANG_WARN_OBJC_ROOT_CLASS = YES_ERROR;
				CLANG_WARN_QUOTED_INCLUDE_IN_FRAMEWORK_HEADER = YES;
				CLANG_WARN_RANGE_LOOP_ANALYSIS = YES;
				CLANG_WARN_STRICT_PROTOTYPES = YES;
				CLANG_WARN_SUSPICIOUS_MOVE = YES;
				CLANG_WARN_UNGUARDED_AVAILABILITY = YES_AGGRESSIVE;
				CLANG_WARN_UNREACHABLE_CODE = YES;
				CLANG_WARN__DUPLICATE_METHOD_MATCH = YES;
				COPY_PHASE_STRIP = NO;
				DEBUG_INFORMATION_FORMAT = dwarf;
				ENABLE_STRICT_OBJC_MSGSEND = YES;
				ENABLE_TESTABILITY = YES;
				ENABLE_USER_SCRIPT_SANDBOXING = YES;
				GCC_C_LANGUAGE_STANDARD = gnu17;
				GCC_DYNAMIC_NO_PIC = NO;
				GCC_NO_COMMON_BLOCKS = YES;
				GCC_OPTIMIZATION_LEVEL = 0;
				GCC_PREPROCESSOR_DEFINITIONS = (
					"DEBUG=1",
					"$(inherited)",
				);
				GCC_WARN_64_TO_32_BIT_CONVERSION = YES;
				GCC_WARN_ABOUT_RETURN_TYPE = YES_ERROR;
				GCC_WARN_UNDECLARED_SELECTOR = YES;
				GCC_WARN_UNINITIALIZED_AUTOS = YES_AGGRESSIVE;
				GCC_WARN_UNUSED_FUNCTION = YES;
				GCC_WARN_UNUSED_VARIABLE = YES;
				IPHONEOS_DEPLOYMENT_TARGET = 17.2;
				LOCALIZATION_PREFERS_STRING_CATALOGS = YES;
				MTL_ENABLE_DEBUG_INFO = INCLUDE_SOURCE;
				MTL_FAST_MATH = YES;
				ONLY_ACTIVE_ARCH = YES;
				SDKROOT = iphoneos;
				SWIFT_ACTIVE_COMPILATION_CONDITIONS = "DEBUG $(inherited)";
				SWIFT_OPTIMIZATION_LEVEL = "-Onone";
			};
			name = Debug;
		};
		83D0D3932BC969C600D0D6AB /* Release */ = {
			isa = XCBuildConfiguration;
			buildSettings = {
				ALWAYS_SEARCH_USER_PATHS = NO;
				ASSETCATALOG_COMPILER_GENERATE_SWIFT_ASSET_SYMBOL_EXTENSIONS = YES;
				CLANG_ANALYZER_NONNULL = YES;
				CLANG_ANALYZER_NUMBER_OBJECT_CONVERSION = YES_AGGRESSIVE;
				CLANG_CXX_LANGUAGE_STANDARD = "gnu++20";
				CLANG_ENABLE_MODULES = YES;
				CLANG_ENABLE_OBJC_ARC = YES;
				CLANG_ENABLE_OBJC_WEAK = YES;
				CLANG_WARN_BLOCK_CAPTURE_AUTORELEASING = YES;
				CLANG_WARN_BOOL_CONVERSION = YES;
				CLANG_WARN_COMMA = YES;
				CLANG_WARN_CONSTANT_CONVERSION = YES;
				CLANG_WARN_DEPRECATED_OBJC_IMPLEMENTATIONS = YES;
				CLANG_WARN_DIRECT_OBJC_ISA_USAGE = YES_ERROR;
				CLANG_WARN_DOCUMENTATION_COMMENTS = YES;
				CLANG_WARN_EMPTY_BODY = YES;
				CLANG_WARN_ENUM_CONVERSION = YES;
				CLANG_WARN_INFINITE_RECURSION = YES;
				CLANG_WARN_INT_CONVERSION = YES;
				CLANG_WARN_NON_LITERAL_NULL_CONVERSION = YES;
				CLANG_WARN_OBJC_IMPLICIT_RETAIN_SELF = YES;
				CLANG_WARN_OBJC_LITERAL_CONVERSION = YES;
				CLANG_WARN_OBJC_ROOT_CLASS = YES_ERROR;
				CLANG_WARN_QUOTED_INCLUDE_IN_FRAMEWORK_HEADER = YES;
				CLANG_WARN_RANGE_LOOP_ANALYSIS = YES;
				CLANG_WARN_STRICT_PROTOTYPES = YES;
				CLANG_WARN_SUSPICIOUS_MOVE = YES;
				CLANG_WARN_UNGUARDED_AVAILABILITY = YES_AGGRESSIVE;
				CLANG_WARN_UNREACHABLE_CODE = YES;
				CLANG_WARN__DUPLICATE_METHOD_MATCH = YES;
				COPY_PHASE_STRIP = NO;
				DEBUG_INFORMATION_FORMAT = "dwarf-with-dsym";
				ENABLE_NS_ASSERTIONS = NO;
				ENABLE_STRICT_OBJC_MSGSEND = YES;
				ENABLE_USER_SCRIPT_SANDBOXING = YES;
				GCC_C_LANGUAGE_STANDARD = gnu17;
				GCC_NO_COMMON_BLOCKS = YES;
				GCC_WARN_64_TO_32_BIT_CONVERSION = YES;
				GCC_WARN_ABOUT_RETURN_TYPE = YES_ERROR;
				GCC_WARN_UNDECLARED_SELECTOR = YES;
				GCC_WARN_UNINITIALIZED_AUTOS = YES_AGGRESSIVE;
				GCC_WARN_UNUSED_FUNCTION = YES;
				GCC_WARN_UNUSED_VARIABLE = YES;
				IPHONEOS_DEPLOYMENT_TARGET = 17.2;
				LOCALIZATION_PREFERS_STRING_CATALOGS = YES;
				MTL_ENABLE_DEBUG_INFO = NO;
				MTL_FAST_MATH = YES;
				SDKROOT = iphoneos;
				SWIFT_COMPILATION_MODE = wholemodule;
				VALIDATE_PRODUCT = YES;
			};
			name = Release;
		};
		83D0D3952BC969C600D0D6AB /* Debug */ = {
			isa = XCBuildConfiguration;
			buildSettings = {
				ASSETCATALOG_COMPILER_APPICON_NAME = AppIcon;
				ASSETCATALOG_COMPILER_GLOBAL_ACCENT_COLOR_NAME = AccentColor;
				CODE_SIGN_STYLE = Automatic;
				CURRENT_PROJECT_VERSION = 1;
				DEVELOPMENT_ASSET_PATHS = "\"flighty/Preview Content\"";
				DEVELOPMENT_TEAM = 5KZHQYWR66;
				ENABLE_PREVIEWS = YES;
				GENERATE_INFOPLIST_FILE = YES;
				INFOPLIST_KEY_UIApplicationSceneManifest_Generation = YES;
				INFOPLIST_KEY_UIApplicationSupportsIndirectInputEvents = YES;
				INFOPLIST_KEY_UILaunchScreen_Generation = YES;
				INFOPLIST_KEY_UISupportedInterfaceOrientations_iPad = "UIInterfaceOrientationPortrait UIInterfaceOrientationPortraitUpsideDown UIInterfaceOrientationLandscapeLeft UIInterfaceOrientationLandscapeRight";
				INFOPLIST_KEY_UISupportedInterfaceOrientations_iPhone = "UIInterfaceOrientationPortrait UIInterfaceOrientationLandscapeLeft UIInterfaceOrientationLandscapeRight";
				LD_RUNPATH_SEARCH_PATHS = (
					"$(inherited)",
					"@executable_path/Frameworks",
				);
				MARKETING_VERSION = 1.0;
				PRODUCT_BUNDLE_IDENTIFIER = ChrisFree.flighty;
				PRODUCT_NAME = "$(TARGET_NAME)";
				SWIFT_EMIT_LOC_STRINGS = YES;
				SWIFT_VERSION = 5.0;
				TARGETED_DEVICE_FAMILY = "1,2";
			};
			name = Debug;
		};
		83D0D3962BC969C600D0D6AB /* Release */ = {
			isa = XCBuildConfiguration;
			buildSettings = {
				ASSETCATALOG_COMPILER_APPICON_NAME = AppIcon;
				ASSETCATALOG_COMPILER_GLOBAL_ACCENT_COLOR_NAME = AccentColor;
				CODE_SIGN_STYLE = Automatic;
				CURRENT_PROJECT_VERSION = 1;
				DEVELOPMENT_ASSET_PATHS = "\"flighty/Preview Content\"";
				DEVELOPMENT_TEAM = 5KZHQYWR66;
				ENABLE_PREVIEWS = YES;
				GENERATE_INFOPLIST_FILE = YES;
				INFOPLIST_KEY_UIApplicationSceneManifest_Generation = YES;
				INFOPLIST_KEY_UIApplicationSupportsIndirectInputEvents = YES;
				INFOPLIST_KEY_UILaunchScreen_Generation = YES;
				INFOPLIST_KEY_UISupportedInterfaceOrientations_iPad = "UIInterfaceOrientationPortrait UIInterfaceOrientationPortraitUpsideDown UIInterfaceOrientationLandscapeLeft UIInterfaceOrientationLandscapeRight";
				INFOPLIST_KEY_UISupportedInterfaceOrientations_iPhone = "UIInterfaceOrientationPortrait UIInterfaceOrientationLandscapeLeft UIInterfaceOrientationLandscapeRight";
				LD_RUNPATH_SEARCH_PATHS = (
					"$(inherited)",
					"@executable_path/Frameworks",
				);
				MARKETING_VERSION = 1.0;
				PRODUCT_BUNDLE_IDENTIFIER = ChrisFree.flighty;
				PRODUCT_NAME = "$(TARGET_NAME)";
				SWIFT_EMIT_LOC_STRINGS = YES;
				SWIFT_VERSION = 5.0;
				TARGETED_DEVICE_FAMILY = "1,2";
			};
			name = Release;
		};
/* End XCBuildConfiguration section */

/* Begin XCConfigurationList section */
		83D0D3812BC969C500D0D6AB /* Build configuration list for PBXProject "flighty" */ = {
			isa = XCConfigurationList;
			buildConfigurations = (
				83D0D3922BC969C600D0D6AB /* Debug */,
				83D0D3932BC969C600D0D6AB /* Release */,
			);
			defaultConfigurationIsVisible = 0;
			defaultConfigurationName = Release;
		};
		83D0D3942BC969C600D0D6AB /* Build configuration list for PBXNativeTarget "flighty" */ = {
			isa = XCConfigurationList;
			buildConfigurations = (
				83D0D3952BC969C600D0D6AB /* Debug */,
				83D0D3962BC969C600D0D6AB /* Release */,
			);
			defaultConfigurationIsVisible = 0;
			defaultConfigurationName = Release;
		};
/* End XCConfigurationList section */
	};
	rootObject = 83D0D37E2BC969C500D0D6AB /* Project object */;
}
